{
  "version": 4,
  "terraform_version": "1.5.6",
  "serial": 26,
  "lineage": "0019a622-1370-b9de-4545-7ed89e04663e",
  "outputs": {},
  "resources": [
    {
      "mode": "data",
      "type": "aws_iam_policy_document",
      "name": "access_backend",
      "provider": "provider[\"registry.terraform.io/hashicorp/aws\"]",
      "instances": [
        {
          "schema_version": 0,
          "attributes": {
            "id": "4226238296",
            "json": "{\n  \"Version\": \"2012-10-17\",\n  \"Statement\": [\n    {\n      \"Effect\": \"Allow\",\n      \"Action\": \"s3:ListBucket\",\n      \"Resource\": \"arn:aws:s3:::yav-com-terraform-backend\"\n    },\n    {\n      \"Effect\": \"Allow\",\n      \"Action\": [\n        \"s3:PutObject\",\n        \"s3:GetObject\",\n        \"s3:DeleteObject\"\n      ],\n      \"Resource\": \"arn:aws:s3:::yav-com-terraform-backend/*/terraform.tfstate\"\n    },\n    {\n      \"Effect\": \"Allow\",\n      \"Action\": [\n        \"dynamodb:PutItem\",\n        \"dynamodb:GetItem\",\n        \"dynamodb:DescribeTable\",\n        \"dynamodb:DeleteItem\"\n      ],\n      \"Resource\": \"arn:aws:dynamodb:us-east-1:850857403041:table/yav-com-terraform-backend-state\"\n    },\n    {\n      \"Effect\": \"Allow\",\n      \"Action\": [\n        \"kms:ReEncrypt*\",\n        \"kms:GenerateDataKey*\",\n        \"kms:Encrypt\",\n        \"kms:DescribeKey\",\n        \"kms:Decrypt\"\n      ],\n      \"Resource\": \"arn:aws:kms:us-east-1:850857403041:key/c8539073-c28c-4be8-9800-3af7269fb30b\"\n    }\n  ]\n}",
            "override_policy_documents": null,
            "policy_id": null,
            "source_policy_documents": null,
            "statement": [
              {
                "actions": [
                  "s3:ListBucket"
                ],
                "condition": [],
                "effect": "Allow",
                "not_actions": [],
                "not_principals": [],
                "not_resources": [],
                "principals": [],
                "resources": [
                  "arn:aws:s3:::yav-com-terraform-backend"
                ],
                "sid": ""
              },
              {
                "actions": [
                  "s3:DeleteObject",
                  "s3:GetObject",
                  "s3:PutObject"
                ],
                "condition": [],
                "effect": "Allow",
                "not_actions": [],
                "not_principals": [],
                "not_resources": [],
                "principals": [],
                "resources": [
                  "arn:aws:s3:::yav-com-terraform-backend/*/terraform.tfstate"
                ],
                "sid": ""
              },
              {
                "actions": [
                  "dynamodb:DeleteItem",
                  "dynamodb:DescribeTable",
                  "dynamodb:GetItem",
                  "dynamodb:PutItem"
                ],
                "condition": [],
                "effect": "Allow",
                "not_actions": [],
                "not_principals": [],
                "not_resources": [],
                "principals": [],
                "resources": [
                  "arn:aws:dynamodb:us-east-1:850857403041:table/yav-com-terraform-backend-state"
                ],
                "sid": ""
              },
              {
                "actions": [
                  "kms:Decrypt",
                  "kms:DescribeKey",
                  "kms:Encrypt",
                  "kms:GenerateDataKey*",
                  "kms:ReEncrypt*"
                ],
                "condition": [],
                "effect": "Allow",
                "not_actions": [],
                "not_principals": [],
                "not_resources": [],
                "principals": [],
                "resources": [
                  "arn:aws:kms:us-east-1:850857403041:key/c8539073-c28c-4be8-9800-3af7269fb30b"
                ],
                "sid": ""
              }
            ],
            "version": "2012-10-17"
          },
          "sensitive_attributes": []
        }
      ]
    },
    {
      "mode": "data",
      "type": "aws_iam_policy_document",
      "name": "assume_role",
      "provider": "provider[\"registry.terraform.io/hashicorp/aws\"]",
      "instances": [
        {
          "schema_version": 0,
          "attributes": {
            "id": "2648857569",
            "json": "{\n  \"Version\": \"2012-10-17\",\n  \"Statement\": [\n    {\n      \"Effect\": \"Allow\",\n      \"Action\": \"sts:AssumeRole\",\n      \"Principal\": {\n        \"AWS\": \"arn:aws:iam::850857403041:user/yav-com-terraform-deployer\"\n      }\n    }\n  ]\n}",
            "override_policy_documents": null,
            "policy_id": null,
            "source_policy_documents": null,
            "statement": [
              {
                "actions": [
                  "sts:AssumeRole"
                ],
                "condition": [],
                "effect": "Allow",
                "not_actions": [],
                "not_principals": [],
                "not_resources": [],
                "principals": [
                  {
                    "identifiers": [
                      "arn:aws:iam::850857403041:user/yav-com-terraform-deployer"
                    ],
                    "type": "AWS"
                  }
                ],
                "resources": [],
                "sid": ""
              }
            ],
            "version": "2012-10-17"
          },
          "sensitive_attributes": []
        }
      ]
    },
    {
      "mode": "data",
      "type": "aws_iam_policy_document",
      "name": "deploy_terraform",
      "provider": "provider[\"registry.terraform.io/hashicorp/aws\"]",
      "instances": [
        {
          "schema_version": 0,
          "attributes": {
            "id": "3691925387",
            "json": "{\n  \"Version\": \"2012-10-17\",\n  \"Statement\": [\n    {\n      \"Effect\": \"Allow\",\n      \"Action\": [\n        \"states:*\",\n        \"sqs:*\",\n        \"s3:*\",\n        \"logs:*\",\n        \"lambda:*\",\n        \"iam:*\",\n        \"ecr:*\",\n        \"dynamodb:*\",\n        \"cloudwatch:*\",\n        \"appsync:*\",\n        \"apigateway:*\"\n      ],\n      \"Resource\": \"*\"\n    },\n    {\n      \"Effect\": \"Deny\",\n      \"Action\": [\n        \"iam:*User*\",\n        \"iam:*Provider*\",\n        \"iam:*Login*\",\n        \"iam:*Group*\"\n      ],\n      \"Resource\": \"*\"\n    }\n  ]\n}",
            "override_policy_documents": null,
            "policy_id": null,
            "source_policy_documents": null,
            "statement": [
              {
                "actions": [
                  "apigateway:*",
                  "appsync:*",
                  "cloudwatch:*",
                  "dynamodb:*",
                  "ecr:*",
                  "iam:*",
                  "lambda:*",
                  "logs:*",
                  "s3:*",
                  "sqs:*",
                  "states:*"
                ],
                "condition": [],
                "effect": "Allow",
                "not_actions": [],
                "not_principals": [],
                "not_resources": [],
                "principals": [],
                "resources": [
                  "*"
                ],
                "sid": ""
              },
              {
                "actions": [
                  "iam:*Group*",
                  "iam:*Login*",
                  "iam:*Provider*",
                  "iam:*User*"
                ],
                "condition": [],
                "effect": "Deny",
                "not_actions": [],
                "not_principals": [],
                "not_resources": [],
                "principals": [],
                "resources": [
                  "*"
                ],
                "sid": ""
              }
            ],
            "version": "2012-10-17"
          },
          "sensitive_attributes": []
        }
      ]
    },
    {
      "mode": "data",
      "type": "aws_iam_policy_document",
      "name": "user_assume_role",
      "provider": "provider[\"registry.terraform.io/hashicorp/aws\"]",
      "instances": [
        {
          "schema_version": 0,
          "attributes": {
            "id": "1725627715",
            "json": "{\n  \"Version\": \"2012-10-17\",\n  \"Statement\": [\n    {\n      \"Effect\": \"Allow\",\n      \"Action\": \"sts:AssumeRole\",\n      \"Resource\": [\n        \"arn:aws:iam::850857403041:role/yav-com-terraform-deployment\",\n        \"arn:aws:iam::850857403041:role/yav-com-terraform-backend-access\"\n      ]\n    }\n  ]\n}",
            "override_policy_documents": null,
            "policy_id": null,
            "source_policy_documents": null,
            "statement": [
              {
                "actions": [
                  "sts:AssumeRole"
                ],
                "condition": [],
                "effect": "Allow",
                "not_actions": [],
                "not_principals": [],
                "not_resources": [],
                "principals": [],
                "resources": [
                  "arn:aws:iam::850857403041:role/yav-com-terraform-backend-access",
                  "arn:aws:iam::850857403041:role/yav-com-terraform-deployment"
                ],
                "sid": ""
              }
            ],
            "version": "2012-10-17"
          },
          "sensitive_attributes": []
        }
      ]
    },
    {
      "mode": "managed",
      "type": "aws_dynamodb_table",
      "name": "terraform_state",
      "provider": "provider[\"registry.terraform.io/hashicorp/aws\"]",
      "instances": [
        {
          "schema_version": 1,
          "attributes": {
            "arn": "arn:aws:dynamodb:us-east-1:850857403041:table/yav-com-terraform-backend-state",
            "attribute": [
              {
                "name": "LockID",
                "type": "S"
              }
            ],
            "billing_mode": "PROVISIONED",
            "deletion_protection_enabled": false,
            "global_secondary_index": [],
            "hash_key": "LockID",
            "id": "yav-com-terraform-backend-state",
            "local_secondary_index": [],
            "name": "yav-com-terraform-backend-state",
            "point_in_time_recovery": [
              {
                "enabled": false
              }
            ],
            "range_key": null,
            "read_capacity": 20,
            "replica": [],
            "restore_date_time": null,
            "restore_source_name": null,
            "restore_to_latest_time": null,
            "server_side_encryption": [],
            "stream_arn": "",
            "stream_enabled": false,
            "stream_label": "",
            "stream_view_type": "",
            "table_class": "STANDARD",
            "tags": {},
            "tags_all": {
              "Environment": "common",
              "Project": "Yale Arts Visualizer"
            },
            "timeouts": null,
            "ttl": [
              {
                "attribute_name": "",
                "enabled": false
              }
            ],
            "write_capacity": 20
          },
          "sensitive_attributes": [],
          "private": "eyJlMmJmYjczMC1lY2FhLTExZTYtOGY4OC0zNDM2M2JjN2M0YzAiOnsiY3JlYXRlIjoxODAwMDAwMDAwMDAwLCJkZWxldGUiOjYwMDAwMDAwMDAwMCwidXBkYXRlIjozNjAwMDAwMDAwMDAwfSwic2NoZW1hX3ZlcnNpb24iOiIxIn0="
        }
      ]
    },
    {
      "mode": "managed",
      "type": "aws_iam_role",
      "name": "terraform_deployment_access",
      "provider": "provider[\"registry.terraform.io/hashicorp/aws\"]",
      "instances": [
        {
          "schema_version": 0,
          "attributes": {
            "arn": "arn:aws:iam::850857403041:role/yav-com-terraform-deployment",
            "assume_role_policy": "{\"Statement\":[{\"Action\":\"sts:AssumeRole\",\"Effect\":\"Allow\",\"Principal\":{\"AWS\":\"arn:aws:iam::850857403041:user/yav-com-terraform-deployer\"}}],\"Version\":\"2012-10-17\"}",
            "create_date": "2023-09-13T18:47:21Z",
            "description": "",
            "force_detach_policies": false,
            "id": "yav-com-terraform-deployment",
            "inline_policy": [
              {
                "name": "yav-com-terraform-deployment",
                "policy": "{\"Version\":\"2012-10-17\",\"Statement\":[{\"Action\":[\"states:*\",\"sqs:*\",\"s3:*\",\"logs:*\",\"lambda:*\",\"iam:*\",\"ecr:*\",\"dynamodb:*\",\"cloudwatch:*\",\"appsync:*\",\"apigateway:*\"],\"Effect\":\"Allow\",\"Resource\":\"*\"},{\"Action\":[\"iam:*User*\",\"iam:*Provider*\",\"iam:*Login*\",\"iam:*Group*\"],\"Effect\":\"Deny\",\"Resource\":\"*\"}]}"
              }
            ],
            "managed_policy_arns": [],
            "max_session_duration": 3600,
            "name": "yav-com-terraform-deployment",
            "name_prefix": "",
            "path": "/",
            "permissions_boundary": null,
            "tags": {},
            "tags_all": {
              "Environment": "common",
              "Project": "Yale Arts Visualizer"
            },
            "unique_id": "AROA4MGYNUKQ4KHX4WEVO"
          },
          "sensitive_attributes": [],
          "private": "bnVsbA==",
          "dependencies": [
            "aws_iam_user.deployment",
            "data.aws_iam_policy_document.assume_role"
          ]
        }
      ]
    },
    {
      "mode": "managed",
      "type": "aws_iam_role",
      "name": "terraform_state_access",
      "provider": "provider[\"registry.terraform.io/hashicorp/aws\"]",
      "instances": [
        {
          "schema_version": 0,
          "attributes": {
            "arn": "arn:aws:iam::850857403041:role/yav-com-terraform-backend-access",
            "assume_role_policy": "{\"Statement\":[{\"Action\":\"sts:AssumeRole\",\"Effect\":\"Allow\",\"Principal\":{\"AWS\":\"arn:aws:iam::850857403041:user/yav-com-terraform-deployer\"}}],\"Version\":\"2012-10-17\"}",
            "create_date": "2023-09-13T18:47:21Z",
            "description": "",
            "force_detach_policies": false,
            "id": "yav-com-terraform-backend-access",
            "inline_policy": [
              {
                "name": "yav-com-terraform-backend-access",
                "policy": "{\"Version\":\"2012-10-17\",\"Statement\":[{\"Action\":\"s3:ListBucket\",\"Effect\":\"Allow\",\"Resource\":\"arn:aws:s3:::yav-com-terraform-backend\"},{\"Action\":[\"s3:PutObject\",\"s3:GetObject\",\"s3:DeleteObject\"],\"Effect\":\"Allow\",\"Resource\":\"arn:aws:s3:::yav-com-terraform-backend/*/terraform.tfstate\"},{\"Action\":[\"dynamodb:PutItem\",\"dynamodb:GetItem\",\"dynamodb:DescribeTable\",\"dynamodb:DeleteItem\"],\"Effect\":\"Allow\",\"Resource\":\"arn:aws:dynamodb:us-east-1:850857403041:table/yav-com-terraform-backend-state\"},{\"Action\":[\"kms:ReEncrypt*\",\"kms:GenerateDataKey*\",\"kms:Encrypt\",\"kms:DescribeKey\",\"kms:Decrypt\"],\"Effect\":\"Allow\",\"Resource\":\"arn:aws:kms:us-east-1:850857403041:key/c8539073-c28c-4be8-9800-3af7269fb30b\"}]}"
              }
            ],
            "managed_policy_arns": [],
            "max_session_duration": 3600,
            "name": "yav-com-terraform-backend-access",
            "name_prefix": "",
            "path": "/",
            "permissions_boundary": null,
            "tags": {},
            "tags_all": {
              "Environment": "common",
              "Project": "Yale Arts Visualizer"
            },
            "unique_id": "AROA4MGYNUKQVX7LC72FD"
          },
          "sensitive_attributes": [],
          "private": "bnVsbA==",
          "dependencies": [
            "aws_iam_user.deployment",
            "data.aws_iam_policy_document.assume_role"
          ]
        }
      ]
    },
    {
      "mode": "managed",
      "type": "aws_iam_role_policy",
      "name": "access_backend",
      "provider": "provider[\"registry.terraform.io/hashicorp/aws\"]",
      "instances": [
        {
          "schema_version": 0,
          "attributes": {
            "id": "yav-com-terraform-backend-access:yav-com-terraform-backend-access",
            "name": "yav-com-terraform-backend-access",
            "name_prefix": null,
            "policy": "{\"Version\":\"2012-10-17\",\"Statement\":[{\"Action\":\"s3:ListBucket\",\"Effect\":\"Allow\",\"Resource\":\"arn:aws:s3:::yav-com-terraform-backend\"},{\"Action\":[\"s3:PutObject\",\"s3:GetObject\",\"s3:DeleteObject\"],\"Effect\":\"Allow\",\"Resource\":\"arn:aws:s3:::yav-com-terraform-backend/*/terraform.tfstate\"},{\"Action\":[\"dynamodb:PutItem\",\"dynamodb:GetItem\",\"dynamodb:DescribeTable\",\"dynamodb:DeleteItem\"],\"Effect\":\"Allow\",\"Resource\":\"arn:aws:dynamodb:us-east-1:850857403041:table/yav-com-terraform-backend-state\"},{\"Action\":[\"kms:ReEncrypt*\",\"kms:GenerateDataKey*\",\"kms:Encrypt\",\"kms:DescribeKey\",\"kms:Decrypt\"],\"Effect\":\"Allow\",\"Resource\":\"arn:aws:kms:us-east-1:850857403041:key/c8539073-c28c-4be8-9800-3af7269fb30b\"}]}",
            "role": "yav-com-terraform-backend-access"
          },
          "sensitive_attributes": [],
          "private": "bnVsbA==",
          "dependencies": [
            "aws_dynamodb_table.terraform_state",
            "aws_iam_role.terraform_state_access",
            "aws_iam_user.deployment",
            "aws_kms_key.terraform_bucket_key",
            "aws_s3_bucket.terraform_state",
            "data.aws_iam_policy_document.access_backend",
            "data.aws_iam_policy_document.assume_role"
          ]
        }
      ]
    },
    {
      "mode": "managed",
      "type": "aws_iam_role_policy",
      "name": "deploy_terraform",
      "provider": "provider[\"registry.terraform.io/hashicorp/aws\"]",
      "instances": [
        {
          "schema_version": 0,
          "attributes": {
            "id": "yav-com-terraform-deployment:yav-com-terraform-deployment",
            "name": "yav-com-terraform-deployment",
            "name_prefix": null,
            "policy": "{\"Version\":\"2012-10-17\",\"Statement\":[{\"Action\":[\"states:*\",\"sqs:*\",\"s3:*\",\"logs:*\",\"lambda:*\",\"iam:*\",\"ecr:*\",\"dynamodb:*\",\"cloudwatch:*\",\"appsync:*\",\"apigateway:*\"],\"Effect\":\"Allow\",\"Resource\":\"*\"},{\"Action\":[\"iam:*User*\",\"iam:*Provider*\",\"iam:*Login*\",\"iam:*Group*\"],\"Effect\":\"Deny\",\"Resource\":\"*\"}]}",
            "role": "yav-com-terraform-deployment"
          },
          "sensitive_attributes": [],
          "private": "bnVsbA==",
          "dependencies": [
            "aws_iam_role.terraform_deployment_access",
            "aws_iam_user.deployment",
            "data.aws_iam_policy_document.assume_role",
            "data.aws_iam_policy_document.deploy_terraform"
          ]
        }
      ]
    },
    {
      "mode": "managed",
      "type": "aws_iam_user",
      "name": "deployment",
      "provider": "provider[\"registry.terraform.io/hashicorp/aws\"]",
      "instances": [
        {
          "schema_version": 0,
          "attributes": {
            "arn": "arn:aws:iam::850857403041:user/yav-com-terraform-deployer",
            "force_destroy": false,
            "id": "yav-com-terraform-deployer",
            "name": "yav-com-terraform-deployer",
            "path": "/",
            "permissions_boundary": null,
            "tags": {},
            "tags_all": {
              "Environment": "common",
              "Project": "Yale Arts Visualizer"
            },
            "unique_id": "AIDA4MGYNUKQ7IMSF7EU5"
          },
          "sensitive_attributes": [],
          "private": "bnVsbA=="
        }
      ]
    },
    {
      "mode": "managed",
      "type": "aws_iam_user_policy",
      "name": "deployment",
      "provider": "provider[\"registry.terraform.io/hashicorp/aws\"]",
      "instances": [
        {
          "schema_version": 0,
          "attributes": {
            "id": "yav-com-terraform-deployer:yav-com-terraform-deployment-assumerole",
            "name": "yav-com-terraform-deployment-assumerole",
            "name_prefix": null,
            "policy": "{\"Version\":\"2012-10-17\",\"Statement\":[{\"Action\":\"sts:AssumeRole\",\"Effect\":\"Allow\",\"Resource\":[\"arn:aws:iam::850857403041:role/yav-com-terraform-deployment\",\"arn:aws:iam::850857403041:role/yav-com-terraform-backend-access\"]}]}",
            "user": "yav-com-terraform-deployer"
          },
          "sensitive_attributes": [],
          "private": "bnVsbA==",
          "dependencies": [
            "aws_iam_role.terraform_deployment_access",
            "aws_iam_role.terraform_state_access",
            "aws_iam_user.deployment",
            "data.aws_iam_policy_document.assume_role",
            "data.aws_iam_policy_document.user_assume_role"
          ]
        }
      ]
    },
    {
      "mode": "managed",
      "type": "aws_kms_alias",
      "name": "key_alias",
      "provider": "provider[\"registry.terraform.io/hashicorp/aws\"]",
      "instances": [
        {
          "schema_version": 0,
          "attributes": {
            "arn": "arn:aws:kms:us-east-1:850857403041:alias/yav-com-terraform-bucket-key",
            "id": "alias/yav-com-terraform-bucket-key",
            "name": "alias/yav-com-terraform-bucket-key",
            "name_prefix": "",
            "target_key_arn": "arn:aws:kms:us-east-1:850857403041:key/c8539073-c28c-4be8-9800-3af7269fb30b",
            "target_key_id": "c8539073-c28c-4be8-9800-3af7269fb30b"
          },
          "sensitive_attributes": [],
          "private": "bnVsbA==",
          "dependencies": [
            "aws_kms_key.terraform_bucket_key"
          ]
        }
      ]
    },
    {
      "mode": "managed",
      "type": "aws_kms_key",
      "name": "terraform_bucket_key",
      "provider": "provider[\"registry.terraform.io/hashicorp/aws\"]",
      "instances": [
        {
          "schema_version": 0,
          "attributes": {
            "arn": "arn:aws:kms:us-east-1:850857403041:key/c8539073-c28c-4be8-9800-3af7269fb30b",
            "bypass_policy_lockout_safety_check": false,
            "custom_key_store_id": "",
            "customer_master_key_spec": "SYMMETRIC_DEFAULT",
            "deletion_window_in_days": 10,
            "description": "This key is used to encrypt bucket objects",
            "enable_key_rotation": true,
            "id": "c8539073-c28c-4be8-9800-3af7269fb30b",
            "is_enabled": true,
            "key_id": "c8539073-c28c-4be8-9800-3af7269fb30b",
            "key_usage": "ENCRYPT_DECRYPT",
            "multi_region": false,
            "policy": "{\"Id\":\"key-default-1\",\"Statement\":[{\"Action\":\"kms:*\",\"Effect\":\"Allow\",\"Principal\":{\"AWS\":\"arn:aws:iam::850857403041:root\"},\"Resource\":\"*\",\"Sid\":\"Enable IAM User Permissions\"}],\"Version\":\"2012-10-17\"}",
            "tags": {},
            "tags_all": {
              "Environment": "common",
              "Project": "Yale Arts Visualizer"
            }
          },
          "sensitive_attributes": [],
          "private": "bnVsbA=="
        }
      ]
    },
    {
      "mode": "managed",
      "type": "aws_s3_bucket",
      "name": "terraform_state",
      "provider": "provider[\"registry.terraform.io/hashicorp/aws\"]",
      "instances": [
        {
          "schema_version": 0,
          "attributes": {
            "acceleration_status": "",
            "acl": null,
            "arn": "arn:aws:s3:::yav-com-terraform-backend",
            "bucket": "yav-com-terraform-backend",
            "bucket_domain_name": "yav-com-terraform-backend.s3.amazonaws.com",
            "bucket_prefix": "",
            "bucket_regional_domain_name": "yav-com-terraform-backend.s3.us-east-1.amazonaws.com",
            "cors_rule": [],
            "force_destroy": false,
            "grant": [
              {
                "id": "163667b9d0f00cdcf0b1b13c82626b13f84352bf97a41691b088e15d9ebfb56e",
                "permissions": [
                  "FULL_CONTROL"
                ],
                "type": "CanonicalUser",
                "uri": ""
              }
            ],
            "hosted_zone_id": "Z3AQBSTGFYJSTF",
            "id": "yav-com-terraform-backend",
            "lifecycle_rule": [],
            "logging": [],
            "object_lock_configuration": [],
            "object_lock_enabled": false,
            "policy": "",
            "region": "us-east-1",
            "replication_configuration": [],
            "request_payer": "BucketOwner",
            "server_side_encryption_configuration": [
              {
                "rule": [
                  {
                    "apply_server_side_encryption_by_default": [
                      {
                        "kms_master_key_id": "arn:aws:kms:us-east-1:850857403041:key/c8539073-c28c-4be8-9800-3af7269fb30b",
                        "sse_algorithm": "aws:kms"
                      }
                    ],
                    "bucket_key_enabled": false
                  }
                ]
              }
            ],
            "tags": {},
            "tags_all": {
              "Environment": "common",
              "Project": "Yale Arts Visualizer"
            },
            "timeouts": null,
            "versioning": [
              {
                "enabled": true,
                "mfa_delete": false
              }
            ],
            "website": [],
            "website_domain": null,
            "website_endpoint": null
          },
          "sensitive_attributes": [],
          "private": "eyJlMmJmYjczMC1lY2FhLTExZTYtOGY4OC0zNDM2M2JjN2M0YzAiOnsiY3JlYXRlIjoxMjAwMDAwMDAwMDAwLCJkZWxldGUiOjM2MDAwMDAwMDAwMDAsInJlYWQiOjEyMDAwMDAwMDAwMDAsInVwZGF0ZSI6MTIwMDAwMDAwMDAwMH19"
        }
      ]
    },
    {
      "mode": "managed",
      "type": "aws_s3_bucket_acl",
      "name": "terraform_state",
      "provider": "provider[\"registry.terraform.io/hashicorp/aws\"]",
      "instances": [
        {
          "schema_version": 0,
          "attributes": {
            "access_control_policy": [
              {
                "grant": [
                  {
                    "grantee": [
                      {
                        "display_name": "yaleartsvisualizer",
                        "email_address": "",
                        "id": "163667b9d0f00cdcf0b1b13c82626b13f84352bf97a41691b088e15d9ebfb56e",
                        "type": "CanonicalUser",
                        "uri": ""
                      }
                    ],
                    "permission": "FULL_CONTROL"
                  }
                ],
                "owner": [
                  {
                    "display_name": "yaleartsvisualizer",
                    "id": "163667b9d0f00cdcf0b1b13c82626b13f84352bf97a41691b088e15d9ebfb56e"
                  }
                ]
              }
            ],
            "acl": "private",
            "bucket": "yav-com-terraform-backend",
            "expected_bucket_owner": "",
            "id": "yav-com-terraform-backend,private"
          },
          "sensitive_attributes": [],
          "private": "bnVsbA==",
          "dependencies": [
            "aws_s3_bucket.terraform_state"
          ]
        }
      ]
    },
    {
      "mode": "managed",
      "type": "aws_s3_bucket_public_access_block",
      "name": "block",
      "provider": "provider[\"registry.terraform.io/hashicorp/aws\"]",
      "instances": [
        {
          "schema_version": 0,
          "attributes": {
            "block_public_acls": true,
            "block_public_policy": true,
            "bucket": "yav-com-terraform-backend",
            "id": "yav-com-terraform-backend",
            "ignore_public_acls": true,
            "restrict_public_buckets": true
          },
          "sensitive_attributes": [],
          "private": "bnVsbA==",
          "dependencies": [
            "aws_s3_bucket.terraform_state"
          ]
        }
      ]
    },
    {
      "mode": "managed",
      "type": "aws_s3_bucket_server_side_encryption_configuration",
      "name": "terraform_state",
      "provider": "provider[\"registry.terraform.io/hashicorp/aws\"]",
      "instances": [
        {
          "schema_version": 0,
          "attributes": {
            "bucket": "yav-com-terraform-backend",
            "expected_bucket_owner": "",
            "id": "yav-com-terraform-backend",
            "rule": [
              {
                "apply_server_side_encryption_by_default": [
                  {
                    "kms_master_key_id": "arn:aws:kms:us-east-1:850857403041:key/c8539073-c28c-4be8-9800-3af7269fb30b",
                    "sse_algorithm": "aws:kms"
                  }
                ],
                "bucket_key_enabled": false
              }
            ]
          },
          "sensitive_attributes": [],
          "private": "bnVsbA==",
          "dependencies": [
            "aws_kms_key.terraform_bucket_key",
            "aws_s3_bucket.terraform_state"
          ]
        }
      ]
    },
    {
      "mode": "managed",
      "type": "aws_s3_bucket_versioning",
      "name": "terraform_state",
      "provider": "provider[\"registry.terraform.io/hashicorp/aws\"]",
      "instances": [
        {
          "schema_version": 0,
          "attributes": {
            "bucket": "yav-com-terraform-backend",
            "expected_bucket_owner": "",
            "id": "yav-com-terraform-backend",
            "mfa": null,
            "versioning_configuration": [
              {
                "mfa_delete": "",
                "status": "Enabled"
              }
            ]
          },
          "sensitive_attributes": [],
          "private": "bnVsbA==",
          "dependencies": [
            "aws_s3_bucket.terraform_state"
          ]
        }
      ]
    },
    {
      "mode": "managed",
      "type": "planetscale_database",
      "name": "main",
      "provider": "provider[\"registry.terraform.io/koslib/planetscale\"]",
      "instances": [
        {
          "schema_version": 0,
          "attributes": {
            "html_url": "https://app.planetscale.com/yaleartsvisualizer/yav-com-db",
            "name": "yav-com-db",
            "notes": null,
            "organization": "yaleartsvisualizer",
            "region": "us-east",
            "state": "pending"
          },
          "sensitive_attributes": []
        }
      ]
    }
  ],
  "check_results": null
}
